<Solution>
  <Folder Name="/docs/">
    <File Path="docs/README.md" />
    <File Path="docs/operations.md" />
    <File Path="docs/project-structure.md" />
    <File Path="docs/Spørgsmål_9293512011_3258_J_2H3PU-011_PDB_EN.md" />
    <File Path="docs/Spørgsmål_9295420021_6318_2TDH4P_PDB_EN.md" />
    <File Path="docs/Spørgsmål_9694300352_4114N_2H6PU_PDB_EN.md" />
    <File Path="Kontrolspørgsmål.md" />
  </Folder>
  <Folder Name="/src/">
    <Project Path="src/DocumentRagSystem.Core/DocumentRagSystem.Core.csproj" />
    <Project Path="src/DocumentRagSystem.Infrastructure/DocumentRagSystem.Infrastructure.csproj" />
    <Project Path="src/DocumentRagSystem.WebApi/DocumentRagSystem.WebApi.csproj" />
    <Project Path="src/DocumentRagSystem.Worker/DocumentRagSystem.Worker.csproj" />
  </Folder>
  <Folder Name="/tests/" />
  <Folder Name="/tests/E2ETests/">
    <Project Path="tests/E2ETests/DocumentRagSystem.E2ETests.csproj" />
  </Folder>
  <Folder Name="/tests/IntegrationTests/">
    <Project Path="tests/IntegrationTests/DocumentRagSystem.IntegrationTests.csproj" />
  </Folder>
  <Folder Name="/tests/UnitTests/">
    <Project Path="tests/UnitTests/DocumentRagSystem.UnitTests.csproj" />
  </Folder>
</Solution>
