<Solution>
  <Folder Name="/docs/">
    <File Path="docs/README.md" />
    <File Path="docs/operations.md" />
    <File Path="docs/project-structure.md" />
    <File Path="docs/Spørgsmål_9293512011_3258_J_2H3PU-011_PDB_EN.md" />
    <File Path="docs/Spørgsmål_9295420021_6318_2TDH4P_PDB_EN.md" />
    <File Path="docs/Spørgsmål_9694300352_4114N_2H6PU_PDB_EN.md" />
    <File Path="docs/Spørgsmål_9694300357_4114N_2H6PU-357_PDB_EN.md" />
    <File Path="docs/Spørgsmål_9694300368_4114_NH5R_PDB_EN.md" />
    <File Path="docs/Spørgsmål_9694314003_4114_N_2H7P_PDB_EN.md" />
    <File Path="docs/Spørgsmål_9695480223_6314_H_PDB_EN.md" />
    <File Path="docs/Spørgsmål_9695480233_6314_2HPU-233__Li.254+St._DV-Anschr._PDB_EN (1).md" />
    <File Path="docs/Spørgsmål_9793510182_PDB_EN_V1.2.md" />
    <File Path="docs/Spørgsmål_Data_sheet_DA_-_K3G560PC0401_KM260717_ (1).md" />
  </Folder>
  <Folder Name="/src/">
    <Project Path="src/DocumentRagSystem.Core/DocumentRagSystem.Core.csproj" />
    <Project Path="src/DocumentRagSystem.Evaluation/DocumentRagSystem.Evaluation.csproj" />
    <Project Path="src/DocumentRagSystem.Infrastructure/DocumentRagSystem.Infrastructure.csproj" />
    <Project Path="src/DocumentRagSystem.WebApi/DocumentRagSystem.WebApi.csproj" />
    <Project Path="src/DocumentRagSystem.Worker/DocumentRagSystem.Worker.csproj" />
  </Folder>
  <Folder Name="/tests/" />
  <Folder Name="/tests/E2ETests/">
    <Project Path="tests/E2ETests/DocumentRagSystem.E2ETests.csproj" />
  </Folder>
  <Folder Name="/tests/IntegrationTests/">
    <Project Path="tests/IntegrationTests/DocumentRagSystem.IntegrationTests.csproj" />
  </Folder>
  <Folder Name="/tests/UnitTests/">
    <Project Path="tests/UnitTests/DocumentRagSystem.UnitTests.csproj" />
  </Folder>
</Solution>
